
Microsoft Visual Studio Solution File, Format Version 12.00
# Visual Studio 15
VisualStudioVersion = 15.0.28307.1062
MinimumVisualStudioVersion = 10.0.40219.1
Project("{FAE04EC0-301F-11D3-BF4B-00C04F79EFBC}") = "WebApplication2", "WebApplication2\WebApplication2.csproj", "{1820192F-9EC6-46B9-A148-B0C5F230BF83}"
EndProject
Global
	GlobalSection(SolutionConfigurationPlatforms) = preSolution
		Debug|Any CPU = Debug|Any CPU
		Release|Any CPU = Release|Any CPU
	EndGlobalSection
	GlobalSection(ProjectConfigurationPlatforms) = postSolution
		{1820192F-9EC6-46B9-A148-B0C5F230BF83}.Debug|Any CPU.ActiveCfg = Debug|Any CPU
		{1820192F-9EC6-46B9-A148-B0C5F230BF83}.Debug|Any CPU.Build.0 = Debug|Any CPU
		{1820192F-9EC6-46B9-A148-B0C5F230BF83}.Release|Any CPU.ActiveCfg = Release|Any CPU
		{1820192F-9EC6-46B9-A148-B0C5F230BF83}.Release|Any CPU.Build.0 = Release|Any CPU
	EndGlobalSection
	GlobalSection(SolutionProperties) = preSolution
		HideSolutionNode = FALSE
	EndGlobalSection
	GlobalSection(ExtensibilityGlobals) = postSolution
		SolutionGuid = {5A682C8C-DE55-4E55-A7BF-323386482B3C}
	EndGlobalSection
EndGlobal
