
Microsoft Visual Studio Solution File, Format Version 12.00
# Visual Studio Version 16
VisualStudioVersion = 16.0.29709.97
MinimumVisualStudioVersion = 10.0.40219.1
Project("{FAE04EC0-301F-11D3-BF4B-00C04F79EFBC}") = "zero", "zero\zero.csproj", "{26277357-ADB3-41B8-BA85-28257253F4A9}"
EndProject
Global
	GlobalSection(SolutionConfigurationPlatforms) = preSolution
		Debug|Any CPU = Debug|Any CPU
		Release|Any CPU = Release|Any CPU
	EndGlobalSection
	GlobalSection(ProjectConfigurationPlatforms) = postSolution
		{26277357-ADB3-41B8-BA85-28257253F4A9}.Debug|Any CPU.ActiveCfg = Debug|Any CPU
		{26277357-ADB3-41B8-BA85-28257253F4A9}.Debug|Any CPU.Build.0 = Debug|Any CPU
		{26277357-ADB3-41B8-BA85-28257253F4A9}.Release|Any CPU.ActiveCfg = Release|Any CPU
		{26277357-ADB3-41B8-BA85-28257253F4A9}.Release|Any CPU.Build.0 = Release|Any CPU
	EndGlobalSection
	GlobalSection(SolutionProperties) = preSolution
		HideSolutionNode = FALSE
	EndGlobalSection
	GlobalSection(ExtensibilityGlobals) = postSolution
		SolutionGuid = {E73E1589-0950-46A4-9657-8336067EC390}
	EndGlobalSection
EndGlobal
