
Microsoft Visual Studio Solution File, Format Version 12.00
# Visual Studio 15
VisualStudioVersion = 15.0.28307.1062
MinimumVisualStudioVersion = 10.0.40219.1
Project("{FAE04EC0-301F-11D3-BF4B-00C04F79EFBC}") = "ConsoleApp3", "ConsoleApp3\ConsoleApp3.csproj", "{A2319327-6D65-48BB-8340-6F1C8480EE08}"
EndProject
Global
	GlobalSection(SolutionConfigurationPlatforms) = preSolution
		Debug|Any CPU = Debug|Any CPU
		Release|Any CPU = Release|Any CPU
	EndGlobalSection
	GlobalSection(ProjectConfigurationPlatforms) = postSolution
		{A2319327-6D65-48BB-8340-6F1C8480EE08}.Debug|Any CPU.ActiveCfg = Debug|Any CPU
		{A2319327-6D65-48BB-8340-6F1C8480EE08}.Debug|Any CPU.Build.0 = Debug|Any CPU
		{A2319327-6D65-48BB-8340-6F1C8480EE08}.Release|Any CPU.ActiveCfg = Release|Any CPU
		{A2319327-6D65-48BB-8340-6F1C8480EE08}.Release|Any CPU.Build.0 = Release|Any CPU
	EndGlobalSection
	GlobalSection(SolutionProperties) = preSolution
		HideSolutionNode = FALSE
	EndGlobalSection
	GlobalSection(ExtensibilityGlobals) = postSolution
		SolutionGuid = {AE3AB1A6-577F-4937-92E8-F735195D5736}
	EndGlobalSection
EndGlobal
